// !$*UTF8*$!
{
	archiveVersion = 1;
	classes = {
	};
	objectVersion = 50;
	objects = {

/* Begin PBXBuildFile section */
		873B03A9218DECD200CFCB0C /* AppDelegate.swift in Sources */ = {isa = PBXBuildFile; fileRef = 873B03A8218DECD200CFCB0C /* AppDelegate.swift */; };
		873B03AB218DECD200CFCB0C /* ViewController.swift in Sources */ = {isa = PBXBuildFile; fileRef = 873B03AA218DECD200CFCB0C /* ViewController.swift */; };
		873B03AE218DECD200CFCB0C /* Main.storyboard in Resources */ = {isa = PBXBuildFile; fileRef = 873B03AC218DECD200CFCB0C /* Main.storyboard */; };
		873B03B0218DECD400CFCB0C /* Assets.xcassets in Resources */ = {isa = PBXBuildFile; fileRef = 873B03AF218DECD400CFCB0C /* Assets.xcassets */; };
		873B03B3218DECD400CFCB0C /* LaunchScreen.storyboard in Resources */ = {isa = PBXBuildFile; fileRef = 873B03B1218DECD400CFCB0C /* LaunchScreen.storyboard */; };
		87969C17218DFEF200386B55 /* Alamofire.framework in Frameworks */ = {isa = PBXBuildFile; fileRef = 87969C16218DFEF200386B55 /* Alamofire.framework */; };
		87969C19218E027100386B55 /* Networking.swift in Sources */ = {isa = PBXBuildFile; fileRef = 87969C18218E027100386B55 /* Networking.swift */; };
		87969C1C218E19EF00386B55 /* Alamofire.framework in Embed Frameworks */ = {isa = PBXBuildFile; fileRef = 87969C16218DFEF200386B55 /* Alamofire.framework */; settings = {ATTRIBUTES = (CodeSignOnCopy, RemoveHeadersOnCopy, ); }; };
		87969C20218E1C7500386B55 /* Company.swift in Sources */ = {isa = PBXBuildFile; fileRef = 87969C1F218E1C7500386B55 /* Company.swift */; };
		87969C22218E21C500386B55 /* Review.swift in Sources */ = {isa = PBXBuildFile; fileRef = 87969C21218E21C500386B55 /* Review.swift */; };
/* End PBXBuildFile section */

/* Begin PBXCopyFilesBuildPhase section */
		87969C1D218E19EF00386B55 /* Embed Frameworks */ = {
			isa = PBXCopyFilesBuildPhase;
			buildActionMask = 2147483647;
			dstPath = "";
			dstSubfolderSpec = 10;
			files = (
				87969C1C218E19EF00386B55 /* Alamofire.framework in Embed Frameworks */,
			);
			name = "Embed Frameworks";
			runOnlyForDeploymentPostprocessing = 0;
		};
/* End PBXCopyFilesBuildPhase section */

/* Begin PBXFileReference section */
		873B03A5218DECD200CFCB0C /* ReviewsAssignment.app */ = {isa = PBXFileReference; explicitFileType = wrapper.application; includeInIndex = 0; path = ReviewsAssignment.app; sourceTree = BUILT_PRODUCTS_DIR; };
		873B03A8218DECD200CFCB0C /* AppDelegate.swift */ = {isa = PBXFileReference; lastKnownFileType = sourcecode.swift; path = AppDelegate.swift; sourceTree = "<group>"; };
		873B03AA218DECD200CFCB0C /* ViewController.swift */ = {isa = PBXFileReference; lastKnownFileType = sourcecode.swift; path = ViewController.swift; sourceTree = "<group>"; };
		873B03AD218DECD200CFCB0C /* Base */ = {isa = PBXFileReference; lastKnownFileType = file.storyboard; name = Base; path = Base.lproj/Main.storyboard; sourceTree = "<group>"; };
		873B03AF218DECD400CFCB0C /* Assets.xcassets */ = {isa = PBXFileReference; lastKnownFileType = folder.assetcatalog; path = Assets.xcassets; sourceTree = "<group>"; };
		873B03B2218DECD400CFCB0C /* Base */ = {isa = PBXFileReference; lastKnownFileType = file.storyboard; name = Base; path = Base.lproj/LaunchScreen.storyboard; sourceTree = "<group>"; };
		873B03B4218DECD400CFCB0C /* Info.plist */ = {isa = PBXFileReference; lastKnownFileType = text.plist.xml; path = Info.plist; sourceTree = "<group>"; };
		87969C16218DFEF200386B55 /* Alamofire.framework */ = {isa = PBXFileReference; lastKnownFileType = wrapper.framework; name = Alamofire.framework; path = Carthage/Build/iOS/Alamofire.framework; sourceTree = "<group>"; };
		87969C18218E027100386B55 /* Networking.swift */ = {isa = PBXFileReference; lastKnownFileType = sourcecode.swift; path = Networking.swift; sourceTree = "<group>"; };
		87969C1F218E1C7500386B55 /* Company.swift */ = {isa = PBXFileReference; lastKnownFileType = sourcecode.swift; path = Company.swift; sourceTree = "<group>"; };
		87969C21218E21C500386B55 /* Review.swift */ = {isa = PBXFileReference; lastKnownFileType = sourcecode.swift; path = Review.swift; sourceTree = "<group>"; };
/* End PBXFileReference section */

/* Begin PBXFrameworksBuildPhase section */
		873B03A2218DECD200CFCB0C /* Frameworks */ = {
			isa = PBXFrameworksBuildPhase;
			buildActionMask = 2147483647;
			files = (
				87969C17218DFEF200386B55 /* Alamofire.framework in Frameworks */,
			);
			runOnlyForDeploymentPostprocessing = 0;
		};
/* End PBXFrameworksBuildPhase section */

/* Begin PBXGroup section */
		873B039C218DECD200CFCB0C = {
			isa = PBXGroup;
			children = (
				873B03A7218DECD200CFCB0C /* ReviewsAssignment */,
				873B03A6218DECD200CFCB0C /* Products */,
				87969C15218DFEF200386B55 /* Frameworks */,
			);
			sourceTree = "<group>";
		};
		873B03A6218DECD200CFCB0C /* Products */ = {
			isa = PBXGroup;
			children = (
				873B03A5218DECD200CFCB0C /* ReviewsAssignment.app */,
			);
			name = Products;
			sourceTree = "<group>";
		};
		873B03A7218DECD200CFCB0C /* ReviewsAssignment */ = {
			isa = PBXGroup;
			children = (
				87969C1E218E1C6100386B55 /* Models */,
				87969C1A218E027C00386B55 /* Networking */,
				873B03A8218DECD200CFCB0C /* AppDelegate.swift */,
				873B03AA218DECD200CFCB0C /* ViewController.swift */,
				873B03AC218DECD200CFCB0C /* Main.storyboard */,
				873B03AF218DECD400CFCB0C /* Assets.xcassets */,
				873B03B1218DECD400CFCB0C /* LaunchScreen.storyboard */,
				873B03B4218DECD400CFCB0C /* Info.plist */,
			);
			path = ReviewsAssignment;
			sourceTree = "<group>";
		};
		87969C15218DFEF200386B55 /* Frameworks */ = {
			isa = PBXGroup;
			children = (
				87969C16218DFEF200386B55 /* Alamofire.framework */,
			);
			name = Frameworks;
			sourceTree = "<group>";
		};
		87969C1A218E027C00386B55 /* Networking */ = {
			isa = PBXGroup;
			children = (
				87969C18218E027100386B55 /* Networking.swift */,
			);
			path = Networking;
			sourceTree = "<group>";
		};
		87969C1E218E1C6100386B55 /* Models */ = {
			isa = PBXGroup;
			children = (
				87969C1F218E1C7500386B55 /* Company.swift */,
				87969C21218E21C500386B55 /* Review.swift */,
			);
			path = Models;
			sourceTree = "<group>";
		};
/* End PBXGroup section */

/* Begin PBXNativeTarget section */
		873B03A4218DECD200CFCB0C /* ReviewsAssignment */ = {
			isa = PBXNativeTarget;
			buildConfigurationList = 873B03B7218DECD400CFCB0C /* Build configuration list for PBXNativeTarget "ReviewsAssignment" */;
			buildPhases = (
				873B03A1218DECD200CFCB0C /* Sources */,
				873B03A2218DECD200CFCB0C /* Frameworks */,
				873B03A3218DECD200CFCB0C /* Resources */,
				87969C1D218E19EF00386B55 /* Embed Frameworks */,
			);
			buildRules = (
			);
			dependencies = (
			);
			name = ReviewsAssignment;
			productName = ReviewsAssignment;
			productReference = 873B03A5218DECD200CFCB0C /* ReviewsAssignment.app */;
			productType = "com.apple.product-type.application";
		};
/* End PBXNativeTarget section */

/* Begin PBXProject section */
		873B039D218DECD200CFCB0C /* Project object */ = {
			isa = PBXProject;
			attributes = {
				LastSwiftUpdateCheck = 1010;
				LastUpgradeCheck = 1010;
				ORGANIZATIONNAME = "Valentina Iancu";
				TargetAttributes = {
					873B03A4218DECD200CFCB0C = {
						CreatedOnToolsVersion = 10.1;
					};
				};
			};
			buildConfigurationList = 873B03A0218DECD200CFCB0C /* Build configuration list for PBXProject "ReviewsAssignment" */;
			compatibilityVersion = "Xcode 9.3";
			developmentRegion = en;
			hasScannedForEncodings = 0;
			knownRegions = (
				en,
				Base,
			);
			mainGroup = 873B039C218DECD200CFCB0C;
			productRefGroup = 873B03A6218DECD200CFCB0C /* Products */;
			projectDirPath = "";
			projectRoot = "";
			targets = (
				873B03A4218DECD200CFCB0C /* ReviewsAssignment */,
			);
		};
/* End PBXProject section */

/* Begin PBXResourcesBuildPhase section */
		873B03A3218DECD200CFCB0C /* Resources */ = {
			isa = PBXResourcesBuildPhase;
			buildActionMask = 2147483647;
			files = (
				873B03B3218DECD400CFCB0C /* LaunchScreen.storyboard in Resources */,
				873B03B0218DECD400CFCB0C /* Assets.xcassets in Resources */,
				873B03AE218DECD200CFCB0C /* Main.storyboard in Resources */,
			);
			runOnlyForDeploymentPostprocessing = 0;
		};
/* End PBXResourcesBuildPhase section */

/* Begin PBXSourcesBuildPhase section */
		873B03A1218DECD200CFCB0C /* Sources */ = {
			isa = PBXSourcesBuildPhase;
			buildActionMask = 2147483647;
			files = (
				87969C22218E21C500386B55 /* Review.swift in Sources */,
				87969C19218E027100386B55 /* Networking.swift in Sources */,
				873B03AB218DECD200CFCB0C /* ViewController.swift in Sources */,
				873B03A9218DECD200CFCB0C /* AppDelegate.swift in Sources */,
				87969C20218E1C7500386B55 /* Company.swift in Sources */,
			);
			runOnlyForDeploymentPostprocessing = 0;
		};
/* End PBXSourcesBuildPhase section */

/* Begin PBXVariantGroup section */
		873B03AC218DECD200CFCB0C /* Main.storyboard */ = {
			isa = PBXVariantGroup;
			children = (
				873B03AD218DECD200CFCB0C /* Base */,
			);
			name = Main.storyboard;
			sourceTree = "<group>";
		};
		873B03B1218DECD400CFCB0C /* LaunchScreen.storyboard */ = {
			isa = PBXVariantGroup;
			children = (
				873B03B2218DECD400CFCB0C /* Base */,
			);
			name = LaunchScreen.storyboard;
			sourceTree = "<group>";
		};
/* End PBXVariantGroup section */

/* Begin XCBuildConfiguration section */
		873B03B5218DECD400CFCB0C /* Debug */ = {
			isa = XCBuildConfiguration;
			buildSettings = {
				ALWAYS_SEARCH_USER_PATHS = NO;
				CLANG_ANALYZER_NONNULL = YES;
				CLANG_ANALYZER_NUMBER_OBJECT_CONVERSION = YES_AGGRESSIVE;
				CLANG_CXX_LANGUAGE_STANDARD = "gnu++14";
				CLANG_CXX_LIBRARY = "libc++";
				CLANG_ENABLE_MODULES = YES;
				CLANG_ENABLE_OBJC_ARC = YES;
				CLANG_ENABLE_OBJC_WEAK = YES;
				CLANG_WARN_BLOCK_CAPTURE_AUTORELEASING = YES;
				CLANG_WARN_BOOL_CONVERSION = YES;
				CLANG_WARN_COMMA = YES;
				CLANG_WARN_CONSTANT_CONVERSION = YES;
				CLANG_WARN_DEPRECATED_OBJC_IMPLEMENTATIONS = YES;
				CLANG_WARN_DIRECT_OBJC_ISA_USAGE = YES_ERROR;
				CLANG_WARN_DOCUMENTATION_COMMENTS = YES;
				CLANG_WARN_EMPTY_BODY = YES;
				CLANG_WARN_ENUM_CONVERSION = YES;
				CLANG_WARN_INFINITE_RECURSION = YES;
				CLANG_WARN_INT_CONVERSION = YES;
				CLANG_WARN_NON_LITERAL_NULL_CONVERSION = YES;
				CLANG_WARN_OBJC_IMPLICIT_RETAIN_SELF = YES;
				CLANG_WARN_OBJC_LITERAL_CONVERSION = YES;
				CLANG_WARN_OBJC_ROOT_CLASS = YES_ERROR;
				CLANG_WARN_RANGE_LOOP_ANALYSIS = YES;
				CLANG_WARN_STRICT_PROTOTYPES = YES;
				CLANG_WARN_SUSPICIOUS_MOVE = YES;
				CLANG_WARN_UNGUARDED_AVAILABILITY = YES_AGGRESSIVE;
				CLANG_WARN_UNREACHABLE_CODE = YES;
				CLANG_WARN__DUPLICATE_METHOD_MATCH = YES;
				CODE_SIGN_IDENTITY = "iPhone Developer";
				COPY_PHASE_STRIP = NO;
				DEBUG_INFORMATION_FORMAT = dwarf;
				ENABLE_STRICT_OBJC_MSGSEND = YES;
				ENABLE_TESTABILITY = YES;
				GCC_C_LANGUAGE_STANDARD = gnu11;
				GCC_DYNAMIC_NO_PIC = NO;
				GCC_NO_COMMON_BLOCKS = YES;
				GCC_OPTIMIZATION_LEVEL = 0;
				GCC_PREPROCESSOR_DEFINITIONS = (
					"DEBUG=1",
					"$(inherited)",
				);
				GCC_WARN_64_TO_32_BIT_CONVERSION = YES;
				GCC_WARN_ABOUT_RETURN_TYPE = YES_ERROR;
				GCC_WARN_UNDECLARED_SELECTOR = YES;
				GCC_WARN_UNINITIALIZED_AUTOS = YES_AGGRESSIVE;
				GCC_WARN_UNUSED_FUNCTION = YES;
				GCC_WARN_UNUSED_VARIABLE = YES;
				IPHONEOS_DEPLOYMENT_TARGET = 12.1;
				MTL_ENABLE_DEBUG_INFO = INCLUDE_SOURCE;
				MTL_FAST_MATH = YES;
				ONLY_ACTIVE_ARCH = YES;
				SDKROOT = iphoneos;
				SWIFT_ACTIVE_COMPILATION_CONDITIONS = DEBUG;
				SWIFT_OPTIMIZATION_LEVEL = "-Onone";
			};
			name = Debug;
		};
		873B03B6218DECD400CFCB0C /* Release */ = {
			isa = XCBuildConfiguration;
			buildSettings = {
				ALWAYS_SEARCH_USER_PATHS = NO;
				CLANG_ANALYZER_NONNULL = YES;
				CLANG_ANALYZER_NUMBER_OBJECT_CONVERSION = YES_AGGRESSIVE;
				CLANG_CXX_LANGUAGE_STANDARD = "gnu++14";
				CLANG_CXX_LIBRARY = "libc++";
				CLANG_ENABLE_MODULES = YES;
				CLANG_ENABLE_OBJC_ARC = YES;
				CLANG_ENABLE_OBJC_WEAK = YES;
				CLANG_WARN_BLOCK_CAPTURE_AUTORELEASING = YES;
				CLANG_WARN_BOOL_CONVERSION = YES;
				CLANG_WARN_COMMA = YES;
				CLANG_WARN_CONSTANT_CONVERSION = YES;
				CLANG_WARN_DEPRECATED_OBJC_IMPLEMENTATIONS = YES;
				CLANG_WARN_DIRECT_OBJC_ISA_USAGE = YES_ERROR;
				CLANG_WARN_DOCUMENTATION_COMMENTS = YES;
				CLANG_WARN_EMPTY_BODY = YES;
				CLANG_WARN_ENUM_CONVERSION = YES;
				CLANG_WARN_INFINITE_RECURSION = YES;
				CLANG_WARN_INT_CONVERSION = YES;
				CLANG_WARN_NON_LITERAL_NULL_CONVERSION = YES;
				CLANG_WARN_OBJC_IMPLICIT_RETAIN_SELF = YES;
				CLANG_WARN_OBJC_LITERAL_CONVERSION = YES;
				CLANG_WARN_OBJC_ROOT_CLASS = YES_ERROR;
				CLANG_WARN_RANGE_LOOP_ANALYSIS = YES;
				CLANG_WARN_STRICT_PROTOTYPES = YES;
				CLANG_WARN_SUSPICIOUS_MOVE = YES;
				CLANG_WARN_UNGUARDED_AVAILABILITY = YES_AGGRESSIVE;
				CLANG_WARN_UNREACHABLE_CODE = YES;
				CLANG_WARN__DUPLICATE_METHOD_MATCH = YES;
				CODE_SIGN_IDENTITY = "iPhone Developer";
				COPY_PHASE_STRIP = NO;
				DEBUG_INFORMATION_FORMAT = "dwarf-with-dsym";
				ENABLE_NS_ASSERTIONS = NO;
				ENABLE_STRICT_OBJC_MSGSEND = YES;
				GCC_C_LANGUAGE_STANDARD = gnu11;
				GCC_NO_COMMON_BLOCKS = YES;
				GCC_WARN_64_TO_32_BIT_CONVERSION = YES;
				GCC_WARN_ABOUT_RETURN_TYPE = YES_ERROR;
				GCC_WARN_UNDECLARED_SELECTOR = YES;
				GCC_WARN_UNINITIALIZED_AUTOS = YES_AGGRESSIVE;
				GCC_WARN_UNUSED_FUNCTION = YES;
				GCC_WARN_UNUSED_VARIABLE = YES;
				IPHONEOS_DEPLOYMENT_TARGET = 12.1;
				MTL_ENABLE_DEBUG_INFO = NO;
				MTL_FAST_MATH = YES;
				SDKROOT = iphoneos;
				SWIFT_COMPILATION_MODE = wholemodule;
				SWIFT_OPTIMIZATION_LEVEL = "-O";
				VALIDATE_PRODUCT = YES;
			};
			name = Release;
		};
		873B03B8218DECD400CFCB0C /* Debug */ = {
			isa = XCBuildConfiguration;
			buildSettings = {
				ASSETCATALOG_COMPILER_APPICON_NAME = AppIcon;
				CODE_SIGN_STYLE = Automatic;
				FRAMEWORK_SEARCH_PATHS = (
					"$(inherited)",
					"$(PROJECT_DIR)/Carthage/Build/iOS",
				);
				INFOPLIST_FILE = ReviewsAssignment/Info.plist;
				LD_RUNPATH_SEARCH_PATHS = (
					"$(inherited)",
					"@executable_path/Frameworks",
				);
				PRODUCT_BUNDLE_IDENTIFIER = valentina.iancu.ReviewsAssignment;
				PRODUCT_NAME = "$(TARGET_NAME)";
				SWIFT_VERSION = 4.2;
				TARGETED_DEVICE_FAMILY = "1,2";
			};
			name = Debug;
		};
		873B03B9218DECD400CFCB0C /* Release */ = {
			isa = XCBuildConfiguration;
			buildSettings = {
				ASSETCATALOG_COMPILER_APPICON_NAME = AppIcon;
				CODE_SIGN_STYLE = Automatic;
				FRAMEWORK_SEARCH_PATHS = (
					"$(inherited)",
					"$(PROJECT_DIR)/Carthage/Build/iOS",
				);
				INFOPLIST_FILE = ReviewsAssignment/Info.plist;
				LD_RUNPATH_SEARCH_PATHS = (
					"$(inherited)",
					"@executable_path/Frameworks",
				);
				PRODUCT_BUNDLE_IDENTIFIER = valentina.iancu.ReviewsAssignment;
				PRODUCT_NAME = "$(TARGET_NAME)";
				SWIFT_VERSION = 4.2;
				TARGETED_DEVICE_FAMILY = "1,2";
			};
			name = Release;
		};
/* End XCBuildConfiguration section */

/* Begin XCConfigurationList section */
		873B03A0218DECD200CFCB0C /* Build configuration list for PBXProject "ReviewsAssignment" */ = {
			isa = XCConfigurationList;
			buildConfigurations = (
				873B03B5218DECD400CFCB0C /* Debug */,
				873B03B6218DECD400CFCB0C /* Release */,
			);
			defaultConfigurationIsVisible = 0;
			defaultConfigurationName = Release;
		};
		873B03B7218DECD400CFCB0C /* Build configuration list for PBXNativeTarget "ReviewsAssignment" */ = {
			isa = XCConfigurationList;
			buildConfigurations = (
				873B03B8218DECD400CFCB0C /* Debug */,
				873B03B9218DECD400CFCB0C /* Release */,
			);
			defaultConfigurationIsVisible = 0;
			defaultConfigurationName = Release;
		};
/* End XCConfigurationList section */
	};
	rootObject = 873B039D218DECD200CFCB0C /* Project object */;
}
